
Microsoft Visual Studio Solution File, Format Version 12.00
# Visual Studio 16
Project("{FAE04EC0-301F-11D3-BF4B-00C04F79EFBC}") = "Assembly-CSharp", "Assembly-CSharp.csproj", "{A6EC24BE-4703-5525-4344-E8AC64586AF8}"
EndProject
Project("{FAE04EC0-301F-11D3-BF4B-00C04F79EFBC}") = "PhotonUnityNetworking.Demos", "PhotonUnityNetworking.Demos.csproj", "{C7FE83A5-A926-7A03-DF8D-8EEA029AFCCF}"
EndProject
Project("{FAE04EC0-301F-11D3-BF4B-00C04F79EFBC}") = "PhotonUnityNetworking.Utilities", "PhotonUnityNetworking.Utilities.csproj", "{4C8B1F20-DD4B-4C6E-4B08-3C6E9DB3D17C}"
EndProject
Project("{FAE04EC0-301F-11D3-BF4B-00C04F79EFBC}") = "PhotonChat", "PhotonChat.csproj", "{5CEA3227-B420-2F99-1FA9-7152F9EA9C34}"
EndProject
Project("{FAE04EC0-301F-11D3-BF4B-00C04F79EFBC}") = "PhotonUnityNetworking", "PhotonUnityNetworking.csproj", "{1AE27389-D353-5FCD-78A6-A0F7E8A6E471}"
EndProject
Project("{FAE04EC0-301F-11D3-BF4B-00C04F79EFBC}") = "PhotonRealtime", "PhotonRealtime.csproj", "{7A91F3ED-34D2-1D24-5ED3-08842D31CF11}"
EndProject
Project("{FAE04EC0-301F-11D3-BF4B-00C04F79EFBC}") = "PhotonWebSocket", "PhotonWebSocket.csproj", "{3FE78DCC-15D1-DF1A-2C41-2EC884FC1CF7}"
EndProject
Project("{FAE04EC0-301F-11D3-BF4B-00C04F79EFBC}") = "PhotonUnityNetworking.Editor", "PhotonUnityNetworking.Editor.csproj", "{7F5659DE-0CF9-060F-D325-FB0342A4D4C3}"
EndProject
Project("{FAE04EC0-301F-11D3-BF4B-00C04F79EFBC}") = "PunDemos.DemoHubEditor", "PunDemos.DemoHubEditor.csproj", "{F5F31076-0AF0-2F7B-728C-DDAEEC1D8E6B}"
EndProject
Project("{FAE04EC0-301F-11D3-BF4B-00C04F79EFBC}") = "PhotonUnityNetworking.Utilities.PhotonPlayer.Editor", "PhotonUnityNetworking.Utilities.PhotonPlayer.Editor.csproj", "{872FBD53-4AC6-1A95-39CB-1A6C034DC667}"
EndProject
Project("{FAE04EC0-301F-11D3-BF4B-00C04F79EFBC}") = "Assembly-CSharp-Editor", "Assembly-CSharp-Editor.csproj", "{2C674BF6-A6BF-C411-CEA1-C6637C989BAC}"
EndProject
Project("{FAE04EC0-301F-11D3-BF4B-00C04F79EFBC}") = "PhotonUnityNetworking.Utilities.Culling.Editor", "PhotonUnityNetworking.Utilities.Culling.Editor.csproj", "{3251E32C-F5B2-DFAA-5B26-28A515C62058}"
EndProject
Project("{FAE04EC0-301F-11D3-BF4B-00C04F79EFBC}") = "PunDemos.DemoSlotcarEditor", "PunDemos.DemoSlotcarEditor.csproj", "{6CD6DF39-686B-845A-EFAF-8FF0F415C7E5}"
EndProject
Global
	GlobalSection(SolutionConfigurationPlatforms) = preSolution
		Debug|Any CPU = Debug|Any CPU
		Release|Any CPU = Release|Any CPU
	EndGlobalSection
	GlobalSection(ProjectConfigurationPlatforms) = postSolution
		{A6EC24BE-4703-5525-4344-E8AC64586AF8}.Debug|Any CPU.ActiveCfg = Debug|Any CPU
		{A6EC24BE-4703-5525-4344-E8AC64586AF8}.Debug|Any CPU.Build.0 = Debug|Any CPU
		{A6EC24BE-4703-5525-4344-E8AC64586AF8}.Release|Any CPU.ActiveCfg = Release|Any CPU
		{A6EC24BE-4703-5525-4344-E8AC64586AF8}.Release|Any CPU.Build.0 = Release|Any CPU
		{C7FE83A5-A926-7A03-DF8D-8EEA029AFCCF}.Debug|Any CPU.ActiveCfg = Debug|Any CPU
		{C7FE83A5-A926-7A03-DF8D-8EEA029AFCCF}.Debug|Any CPU.Build.0 = Debug|Any CPU
		{C7FE83A5-A926-7A03-DF8D-8EEA029AFCCF}.Release|Any CPU.ActiveCfg = Release|Any CPU
		{C7FE83A5-A926-7A03-DF8D-8EEA029AFCCF}.Release|Any CPU.Build.0 = Release|Any CPU
		{4C8B1F20-DD4B-4C6E-4B08-3C6E9DB3D17C}.Debug|Any CPU.ActiveCfg = Debug|Any CPU
		{4C8B1F20-DD4B-4C6E-4B08-3C6E9DB3D17C}.Debug|Any CPU.Build.0 = Debug|Any CPU
		{4C8B1F20-DD4B-4C6E-4B08-3C6E9DB3D17C}.Release|Any CPU.ActiveCfg = Release|Any CPU
		{4C8B1F20-DD4B-4C6E-4B08-3C6E9DB3D17C}.Release|Any CPU.Build.0 = Release|Any CPU
		{5CEA3227-B420-2F99-1FA9-7152F9EA9C34}.Debug|Any CPU.ActiveCfg = Debug|Any CPU
		{5CEA3227-B420-2F99-1FA9-7152F9EA9C34}.Debug|Any CPU.Build.0 = Debug|Any CPU
		{5CEA3227-B420-2F99-1FA9-7152F9EA9C34}.Release|Any CPU.ActiveCfg = Release|Any CPU
		{5CEA3227-B420-2F99-1FA9-7152F9EA9C34}.Release|Any CPU.Build.0 = Release|Any CPU
		{1AE27389-D353-5FCD-78A6-A0F7E8A6E471}.Debug|Any CPU.ActiveCfg = Debug|Any CPU
		{1AE27389-D353-5FCD-78A6-A0F7E8A6E471}.Debug|Any CPU.Build.0 = Debug|Any CPU
		{1AE27389-D353-5FCD-78A6-A0F7E8A6E471}.Release|Any CPU.ActiveCfg = Release|Any CPU
		{1AE27389-D353-5FCD-78A6-A0F7E8A6E471}.Release|Any CPU.Build.0 = Release|Any CPU
		{7A91F3ED-34D2-1D24-5ED3-08842D31CF11}.Debug|Any CPU.ActiveCfg = Debug|Any CPU
		{7A91F3ED-34D2-1D24-5ED3-08842D31CF11}.Debug|Any CPU.Build.0 = Debug|Any CPU
		{7A91F3ED-34D2-1D24-5ED3-08842D31CF11}.Release|Any CPU.ActiveCfg = Release|Any CPU
		{7A91F3ED-34D2-1D24-5ED3-08842D31CF11}.Release|Any CPU.Build.0 = Release|Any CPU
		{3FE78DCC-15D1-DF1A-2C41-2EC884FC1CF7}.Debug|Any CPU.ActiveCfg = Debug|Any CPU
		{3FE78DCC-15D1-DF1A-2C41-2EC884FC1CF7}.Debug|Any CPU.Build.0 = Debug|Any CPU
		{3FE78DCC-15D1-DF1A-2C41-2EC884FC1CF7}.Release|Any CPU.ActiveCfg = Release|Any CPU
		{3FE78DCC-15D1-DF1A-2C41-2EC884FC1CF7}.Release|Any CPU.Build.0 = Release|Any CPU
		{7F5659DE-0CF9-060F-D325-FB0342A4D4C3}.Debug|Any CPU.ActiveCfg = Debug|Any CPU
		{7F5659DE-0CF9-060F-D325-FB0342A4D4C3}.Debug|Any CPU.Build.0 = Debug|Any CPU
		{7F5659DE-0CF9-060F-D325-FB0342A4D4C3}.Release|Any CPU.ActiveCfg = Release|Any CPU
		{7F5659DE-0CF9-060F-D325-FB0342A4D4C3}.Release|Any CPU.Build.0 = Release|Any CPU
		{F5F31076-0AF0-2F7B-728C-DDAEEC1D8E6B}.Debug|Any CPU.ActiveCfg = Debug|Any CPU
		{F5F31076-0AF0-2F7B-728C-DDAEEC1D8E6B}.Debug|Any CPU.Build.0 = Debug|Any CPU
		{F5F31076-0AF0-2F7B-728C-DDAEEC1D8E6B}.Release|Any CPU.ActiveCfg = Release|Any CPU
		{F5F31076-0AF0-2F7B-728C-DDAEEC1D8E6B}.Release|Any CPU.Build.0 = Release|Any CPU
		{872FBD53-4AC6-1A95-39CB-1A6C034DC667}.Debug|Any CPU.ActiveCfg = Debug|Any CPU
		{872FBD53-4AC6-1A95-39CB-1A6C034DC667}.Debug|Any CPU.Build.0 = Debug|Any CPU
		{872FBD53-4AC6-1A95-39CB-1A6C034DC667}.Release|Any CPU.ActiveCfg = Release|Any CPU
		{872FBD53-4AC6-1A95-39CB-1A6C034DC667}.Release|Any CPU.Build.0 = Release|Any CPU
		{2C674BF6-A6BF-C411-CEA1-C6637C989BAC}.Debug|Any CPU.ActiveCfg = Debug|Any CPU
		{2C674BF6-A6BF-C411-CEA1-C6637C989BAC}.Debug|Any CPU.Build.0 = Debug|Any CPU
		{2C674BF6-A6BF-C411-CEA1-C6637C989BAC}.Release|Any CPU.ActiveCfg = Release|Any CPU
		{2C674BF6-A6BF-C411-CEA1-C6637C989BAC}.Release|Any CPU.Build.0 = Release|Any CPU
		{3251E32C-F5B2-DFAA-5B26-28A515C62058}.Debug|Any CPU.ActiveCfg = Debug|Any CPU
		{3251E32C-F5B2-DFAA-5B26-28A515C62058}.Debug|Any CPU.Build.0 = Debug|Any CPU
		{3251E32C-F5B2-DFAA-5B26-28A515C62058}.Release|Any CPU.ActiveCfg = Release|Any CPU
		{3251E32C-F5B2-DFAA-5B26-28A515C62058}.Release|Any CPU.Build.0 = Release|Any CPU
		{6CD6DF39-686B-845A-EFAF-8FF0F415C7E5}.Debug|Any CPU.ActiveCfg = Debug|Any CPU
		{6CD6DF39-686B-845A-EFAF-8FF0F415C7E5}.Debug|Any CPU.Build.0 = Debug|Any CPU
		{6CD6DF39-686B-845A-EFAF-8FF0F415C7E5}.Release|Any CPU.ActiveCfg = Release|Any CPU
		{6CD6DF39-686B-845A-EFAF-8FF0F415C7E5}.Release|Any CPU.Build.0 = Release|Any CPU
	EndGlobalSection
	GlobalSection(SolutionProperties) = preSolution
		HideSolutionNode = FALSE
	EndGlobalSection
EndGlobal
